
Microsoft Visual Studio Solution File, Format Version 12.00
# Visual Studio Version 16
VisualStudioVersion = 16.0.30011.22
MinimumVisualStudioVersion = 10.0.40219.1
Project("{2150E333-8FDC-42A3-9474-1A3956D46DE8}") = "0 - Document", "0 - Document", "{81BA031D-6DBE-4377-8385-F46987841563}"
	ProjectSection(SolutionItems) = preProject
		README.md = README.md
	EndProjectSection
EndProject
Project("{2150E333-8FDC-42A3-9474-1A3956D46DE8}") = "1 - Core", "1 - Core", "{11A312DA-0CCD-46E3-AD29-9CAD1AB376AE}"
EndProject
Project("{2150E333-8FDC-42A3-9474-1A3956D46DE8}") = "2 - Domain", "2 - Domain", "{01494ED2-E94B-4E40-AF66-990771E055B9}"
EndProject
Project("{2150E333-8FDC-42A3-9474-1A3956D46DE8}") = "3 - Infra", "3 - Infra", "{9869DB58-0793-4DF5-8300-CE0D4A1BA619}"
EndProject
Project("{2150E333-8FDC-42A3-9474-1A3956D46DE8}") = "4 - Application", "4 - Application", "{5EC98983-94E0-41DF-828C-6B69722E847F}"
EndProject
Project("{2150E333-8FDC-42A3-9474-1A3956D46DE8}") = "5 - CrossCutting", "5 - CrossCutting", "{C70BBC1F-88F0-4DC9-8F90-F998607143AC}"
EndProject
Project("{2150E333-8FDC-42A3-9474-1A3956D46DE8}") = "6 - Api", "6 - Api", "{97F7B50E-27CD-459C-B009-F5149CD8F7B8}"
EndProject
Project("{FAE04EC0-301F-11D3-BF4B-00C04F79EFBC}") = "ToySystem.Core", "ToySystem.Core\ToySystem.Core.csproj", "{505DE1C4-2CC3-4BF3-A5DF-80895768D1A9}"
EndProject
Project("{FAE04EC0-301F-11D3-BF4B-00C04F79EFBC}") = "ToySystem.Domain", "ToySystem.Domain\ToySystem.Domain.csproj", "{8EFEC953-FA86-4E6E-AB20-B602B6F0F30F}"
EndProject
Project("{FAE04EC0-301F-11D3-BF4B-00C04F79EFBC}") = "ToySystem.Infra", "ToySystem.Infra\ToySystem.Infra.csproj", "{548D428D-6253-47D1-9D5E-4ABE27455610}"
EndProject
Project("{FAE04EC0-301F-11D3-BF4B-00C04F79EFBC}") = "ToySystem.Application", "ToySystem.Application\ToySystem.Application.csproj", "{EEB389C0-1976-4637-A572-99E699965BB1}"
EndProject
Project("{FAE04EC0-301F-11D3-BF4B-00C04F79EFBC}") = "ToySystem.CC.Bus", "ToySystem.CC.Bus\ToySystem.CC.Bus.csproj", "{2FD2B190-0620-46AB-AD96-DA6EC48C0105}"
EndProject
Project("{FAE04EC0-301F-11D3-BF4B-00C04F79EFBC}") = "ToySystem.CC.Identity", "ToySystem.CC.Identity\ToySystem.CC.Identity.csproj", "{CB82AFB5-5341-43A3-B576-5AA996F98F8F}"
EndProject
Project("{FAE04EC0-301F-11D3-BF4B-00C04F79EFBC}") = "ToySystem.CC.IoC", "ToySystem.CC.IoC\ToySystem.CC.IoC.csproj", "{711E0FFA-A881-4B7D-8878-2B4E91687DEE}"
EndProject
Project("{FAE04EC0-301F-11D3-BF4B-00C04F79EFBC}") = "ToySystem.Services.Api", "ToySystem.Services.Api\ToySystem.Services.Api.csproj", "{33D14CF0-24FA-451F-9BFC-41175D37B7FA}"
EndProject
Project("{2150E333-8FDC-42A3-9474-1A3956D46DE8}") = "7 - Presentation", "7 - Presentation", "{59098F09-C3A0-49EF-B2F5-C16EF26C6DA2}"
EndProject
Project("{FAE04EC0-301F-11D3-BF4B-00C04F79EFBC}") = "ToySystem.UI.Web", "ToySystem.UI.Web\ToySystem.UI.Web.csproj", "{F889E6A5-07D8-40AF-AADE-AAE466AE31F0}"
EndProject
Global
	GlobalSection(SolutionConfigurationPlatforms) = preSolution
		Debug|Any CPU = Debug|Any CPU
		Release|Any CPU = Release|Any CPU
	EndGlobalSection
	GlobalSection(ProjectConfigurationPlatforms) = postSolution
		{505DE1C4-2CC3-4BF3-A5DF-80895768D1A9}.Debug|Any CPU.ActiveCfg = Debug|Any CPU
		{505DE1C4-2CC3-4BF3-A5DF-80895768D1A9}.Debug|Any CPU.Build.0 = Debug|Any CPU
		{505DE1C4-2CC3-4BF3-A5DF-80895768D1A9}.Release|Any CPU.ActiveCfg = Release|Any CPU
		{505DE1C4-2CC3-4BF3-A5DF-80895768D1A9}.Release|Any CPU.Build.0 = Release|Any CPU
		{8EFEC953-FA86-4E6E-AB20-B602B6F0F30F}.Debug|Any CPU.ActiveCfg = Debug|Any CPU
		{8EFEC953-FA86-4E6E-AB20-B602B6F0F30F}.Debug|Any CPU.Build.0 = Debug|Any CPU
		{8EFEC953-FA86-4E6E-AB20-B602B6F0F30F}.Release|Any CPU.ActiveCfg = Release|Any CPU
		{8EFEC953-FA86-4E6E-AB20-B602B6F0F30F}.Release|Any CPU.Build.0 = Release|Any CPU
		{548D428D-6253-47D1-9D5E-4ABE27455610}.Debug|Any CPU.ActiveCfg = Debug|Any CPU
		{548D428D-6253-47D1-9D5E-4ABE27455610}.Debug|Any CPU.Build.0 = Debug|Any CPU
		{548D428D-6253-47D1-9D5E-4ABE27455610}.Release|Any CPU.ActiveCfg = Release|Any CPU
		{548D428D-6253-47D1-9D5E-4ABE27455610}.Release|Any CPU.Build.0 = Release|Any CPU
		{EEB389C0-1976-4637-A572-99E699965BB1}.Debug|Any CPU.ActiveCfg = Debug|Any CPU
		{EEB389C0-1976-4637-A572-99E699965BB1}.Debug|Any CPU.Build.0 = Debug|Any CPU
		{EEB389C0-1976-4637-A572-99E699965BB1}.Release|Any CPU.ActiveCfg = Release|Any CPU
		{EEB389C0-1976-4637-A572-99E699965BB1}.Release|Any CPU.Build.0 = Release|Any CPU
		{2FD2B190-0620-46AB-AD96-DA6EC48C0105}.Debug|Any CPU.ActiveCfg = Debug|Any CPU
		{2FD2B190-0620-46AB-AD96-DA6EC48C0105}.Debug|Any CPU.Build.0 = Debug|Any CPU
		{2FD2B190-0620-46AB-AD96-DA6EC48C0105}.Release|Any CPU.ActiveCfg = Release|Any CPU
		{2FD2B190-0620-46AB-AD96-DA6EC48C0105}.Release|Any CPU.Build.0 = Release|Any CPU
		{CB82AFB5-5341-43A3-B576-5AA996F98F8F}.Debug|Any CPU.ActiveCfg = Debug|Any CPU
		{CB82AFB5-5341-43A3-B576-5AA996F98F8F}.Debug|Any CPU.Build.0 = Debug|Any CPU
		{CB82AFB5-5341-43A3-B576-5AA996F98F8F}.Release|Any CPU.ActiveCfg = Release|Any CPU
		{CB82AFB5-5341-43A3-B576-5AA996F98F8F}.Release|Any CPU.Build.0 = Release|Any CPU
		{711E0FFA-A881-4B7D-8878-2B4E91687DEE}.Debug|Any CPU.ActiveCfg = Debug|Any CPU
		{711E0FFA-A881-4B7D-8878-2B4E91687DEE}.Debug|Any CPU.Build.0 = Debug|Any CPU
		{711E0FFA-A881-4B7D-8878-2B4E91687DEE}.Release|Any CPU.ActiveCfg = Release|Any CPU
		{711E0FFA-A881-4B7D-8878-2B4E91687DEE}.Release|Any CPU.Build.0 = Release|Any CPU
		{33D14CF0-24FA-451F-9BFC-41175D37B7FA}.Debug|Any CPU.ActiveCfg = Debug|Any CPU
		{33D14CF0-24FA-451F-9BFC-41175D37B7FA}.Debug|Any CPU.Build.0 = Debug|Any CPU
		{33D14CF0-24FA-451F-9BFC-41175D37B7FA}.Release|Any CPU.ActiveCfg = Release|Any CPU
		{33D14CF0-24FA-451F-9BFC-41175D37B7FA}.Release|Any CPU.Build.0 = Release|Any CPU
		{F889E6A5-07D8-40AF-AADE-AAE466AE31F0}.Debug|Any CPU.ActiveCfg = Debug|Any CPU
		{F889E6A5-07D8-40AF-AADE-AAE466AE31F0}.Debug|Any CPU.Build.0 = Debug|Any CPU
		{F889E6A5-07D8-40AF-AADE-AAE466AE31F0}.Release|Any CPU.ActiveCfg = Release|Any CPU
		{F889E6A5-07D8-40AF-AADE-AAE466AE31F0}.Release|Any CPU.Build.0 = Release|Any CPU
	EndGlobalSection
	GlobalSection(SolutionProperties) = preSolution
		HideSolutionNode = FALSE
	EndGlobalSection
	GlobalSection(NestedProjects) = preSolution
		{505DE1C4-2CC3-4BF3-A5DF-80895768D1A9} = {11A312DA-0CCD-46E3-AD29-9CAD1AB376AE}
		{8EFEC953-FA86-4E6E-AB20-B602B6F0F30F} = {01494ED2-E94B-4E40-AF66-990771E055B9}
		{548D428D-6253-47D1-9D5E-4ABE27455610} = {9869DB58-0793-4DF5-8300-CE0D4A1BA619}
		{EEB389C0-1976-4637-A572-99E699965BB1} = {5EC98983-94E0-41DF-828C-6B69722E847F}
		{2FD2B190-0620-46AB-AD96-DA6EC48C0105} = {C70BBC1F-88F0-4DC9-8F90-F998607143AC}
		{CB82AFB5-5341-43A3-B576-5AA996F98F8F} = {C70BBC1F-88F0-4DC9-8F90-F998607143AC}
		{711E0FFA-A881-4B7D-8878-2B4E91687DEE} = {C70BBC1F-88F0-4DC9-8F90-F998607143AC}
		{33D14CF0-24FA-451F-9BFC-41175D37B7FA} = {97F7B50E-27CD-459C-B009-F5149CD8F7B8}
		{F889E6A5-07D8-40AF-AADE-AAE466AE31F0} = {59098F09-C3A0-49EF-B2F5-C16EF26C6DA2}
	EndGlobalSection
	GlobalSection(ExtensibilityGlobals) = postSolution
		SolutionGuid = {F5239BDA-ABE1-4745-8194-006C0FA4D6F1}
	EndGlobalSection
EndGlobal
